
Microsoft Visual Studio Solution File, Format Version 12.00
# Visual Studio Version 17
VisualStudioVersion = 17.2.32616.157
MinimumVisualStudioVersion = 10.0.40219.1
Project("{FAE04EC0-301F-11D3-BF4B-00C04F79EFBC}") = "csharp-lista-indirizzi", "csharp-lista-indirizzi.csproj", "{BA729EA6-C88E-4214-AEDC-37629B4EA895}"
EndProject
Global
	GlobalSection(SolutionConfigurationPlatforms) = preSolution
		Debug|Any CPU = Debug|Any CPU
		Release|Any CPU = Release|Any CPU
	EndGlobalSection
	GlobalSection(ProjectConfigurationPlatforms) = postSolution
		{BA729EA6-C88E-4214-AEDC-37629B4EA895}.Debug|Any CPU.ActiveCfg = Debug|Any CPU
		{BA729EA6-C88E-4214-AEDC-37629B4EA895}.Debug|Any CPU.Build.0 = Debug|Any CPU
		{BA729EA6-C88E-4214-AEDC-37629B4EA895}.Release|Any CPU.ActiveCfg = Release|Any CPU
		{BA729EA6-C88E-4214-AEDC-37629B4EA895}.Release|Any CPU.Build.0 = Release|Any CPU
	EndGlobalSection
	GlobalSection(SolutionProperties) = preSolution
		HideSolutionNode = FALSE
	EndGlobalSection
	GlobalSection(ExtensibilityGlobals) = postSolution
		SolutionGuid = {EA43C346-4F10-49EE-A105-AFD63554C185}
	EndGlobalSection
EndGlobal
